// !$*UTF8*$!
{
	archiveVersion = 1;
	classes = {
	};
	objectVersion = 46;
	objects = {

/* Begin PBXBuildFile section */
		5DA4064A1D434EB000E2FCB7 /* AppDelegate.swift in Sources */ = {isa = PBXBuildFile; fileRef = 5DA406491D434EB000E2FCB7 /* AppDelegate.swift */; };
		5DA4064C1D434EB000E2FCB7 /* ViewController.swift in Sources */ = {isa = PBXBuildFile; fileRef = 5DA4064B1D434EB000E2FCB7 /* ViewController.swift */; };
		5DA4064F1D434EB000E2FCB7 /* Main.storyboard in Resources */ = {isa = PBXBuildFile; fileRef = 5DA4064D1D434EB000E2FCB7 /* Main.storyboard */; };
		5DA406511D434EB000E2FCB7 /* Assets.xcassets in Resources */ = {isa = PBXBuildFile; fileRef = 5DA406501D434EB000E2FCB7 /* Assets.xcassets */; };
		5DA406541D434EB000E2FCB7 /* LaunchScreen.storyboard in Resources */ = {isa = PBXBuildFile; fileRef = 5DA406521D434EB000E2FCB7 /* LaunchScreen.storyboard */; };
		5DA4065F1D434EB000E2FCB7 /* WarikanTests.swift in Sources */ = {isa = PBXBuildFile; fileRef = 5DA4065E1D434EB000E2FCB7 /* WarikanTests.swift */; };
		5DA4066A1D434EB000E2FCB7 /* WarikanUITests.swift in Sources */ = {isa = PBXBuildFile; fileRef = 5DA406691D434EB000E2FCB7 /* WarikanUITests.swift */; };
/* End PBXBuildFile section */

/* Begin PBXContainerItemProxy section */
		5DA4065B1D434EB000E2FCB7 /* PBXContainerItemProxy */ = {
			isa = PBXContainerItemProxy;
			containerPortal = 5DA4063E1D434EB000E2FCB7 /* Project object */;
			proxyType = 1;
			remoteGlobalIDString = 5DA406451D434EB000E2FCB7;
			remoteInfo = Warikan;
		};
		5DA406661D434EB000E2FCB7 /* PBXContainerItemProxy */ = {
			isa = PBXContainerItemProxy;
			containerPortal = 5DA4063E1D434EB000E2FCB7 /* Project object */;
			proxyType = 1;
			remoteGlobalIDString = 5DA406451D434EB000E2FCB7;
			remoteInfo = Warikan;
		};
/* End PBXContainerItemProxy section */

/* Begin PBXFileReference section */
		5DA406461D434EB000E2FCB7 /* Warikan.app */ = {isa = PBXFileReference; explicitFileType = wrapper.application; includeInIndex = 0; path = Warikan.app; sourceTree = BUILT_PRODUCTS_DIR; };
		5DA406491D434EB000E2FCB7 /* AppDelegate.swift */ = {isa = PBXFileReference; lastKnownFileType = sourcecode.swift; path = AppDelegate.swift; sourceTree = "<group>"; };
		5DA4064B1D434EB000E2FCB7 /* ViewController.swift */ = {isa = PBXFileReference; lastKnownFileType = sourcecode.swift; path = ViewController.swift; sourceTree = "<group>"; };
		5DA4064E1D434EB000E2FCB7 /* Base */ = {isa = PBXFileReference; lastKnownFileType = file.storyboard; name = Base; path = Base.lproj/Main.storyboard; sourceTree = "<group>"; };
		5DA406501D434EB000E2FCB7 /* Assets.xcassets */ = {isa = PBXFileReference; lastKnownFileType = folder.assetcatalog; path = Assets.xcassets; sourceTree = "<group>"; };
		5DA406531D434EB000E2FCB7 /* Base */ = {isa = PBXFileReference; lastKnownFileType = file.storyboard; name = Base; path = Base.lproj/LaunchScreen.storyboard; sourceTree = "<group>"; };
		5DA406551D434EB000E2FCB7 /* Info.plist */ = {isa = PBXFileReference; lastKnownFileType = text.plist.xml; path = Info.plist; sourceTree = "<group>"; };
		5DA4065A1D434EB000E2FCB7 /* WarikanTests.xctest */ = {isa = PBXFileReference; explicitFileType = wrapper.cfbundle; includeInIndex = 0; path = WarikanTests.xctest; sourceTree = BUILT_PRODUCTS_DIR; };
		5DA4065E1D434EB000E2FCB7 /* WarikanTests.swift */ = {isa = PBXFileReference; lastKnownFileType = sourcecode.swift; path = WarikanTests.swift; sourceTree = "<group>"; };
		5DA406601D434EB000E2FCB7 /* Info.plist */ = {isa = PBXFileReference; lastKnownFileType = text.plist.xml; path = Info.plist; sourceTree = "<group>"; };
		5DA406651D434EB000E2FCB7 /* WarikanUITests.xctest */ = {isa = PBXFileReference; explicitFileType = wrapper.cfbundle; includeInIndex = 0; path = WarikanUITests.xctest; sourceTree = BUILT_PRODUCTS_DIR; };
		5DA406691D434EB000E2FCB7 /* WarikanUITests.swift */ = {isa = PBXFileReference; lastKnownFileType = sourcecode.swift; path = WarikanUITests.swift; sourceTree = "<group>"; };
		5DA4066B1D434EB000E2FCB7 /* Info.plist */ = {isa = PBXFileReference; lastKnownFileType = text.plist.xml; path = Info.plist; sourceTree = "<group>"; };
/* End PBXFileReference section */

/* Begin PBXFrameworksBuildPhase section */
		5DA406431D434EB000E2FCB7 /* Frameworks */ = {
			isa = PBXFrameworksBuildPhase;
			buildActionMask = 2147483647;
			files = (
			);
			runOnlyForDeploymentPostprocessing = 0;
		};
		5DA406571D434EB000E2FCB7 /* Frameworks */ = {
			isa = PBXFrameworksBuildPhase;
			buildActionMask = 2147483647;
			files = (
			);
			runOnlyForDeploymentPostprocessing = 0;
		};
		5DA406621D434EB000E2FCB7 /* Frameworks */ = {
			isa = PBXFrameworksBuildPhase;
			buildActionMask = 2147483647;
			files = (
			);
			runOnlyForDeploymentPostprocessing = 0;
		};
/* End PBXFrameworksBuildPhase section */

/* Begin PBXGroup section */
		5DA4063D1D434EB000E2FCB7 = {
			isa = PBXGroup;
			children = (
				5DA406481D434EB000E2FCB7 /* Warikan */,
				5DA4065D1D434EB000E2FCB7 /* WarikanTests */,
				5DA406681D434EB000E2FCB7 /* WarikanUITests */,
				5DA406471D434EB000E2FCB7 /* Products */,
			);
			sourceTree = "<group>";
		};
		5DA406471D434EB000E2FCB7 /* Products */ = {
			isa = PBXGroup;
			children = (
				5DA406461D434EB000E2FCB7 /* Warikan.app */,
				5DA4065A1D434EB000E2FCB7 /* WarikanTests.xctest */,
				5DA406651D434EB000E2FCB7 /* WarikanUITests.xctest */,
			);
			name = Products;
			sourceTree = "<group>";
		};
		5DA406481D434EB000E2FCB7 /* Warikan */ = {
			isa = PBXGroup;
			children = (
				5DA406491D434EB000E2FCB7 /* AppDelegate.swift */,
				5DA4064B1D434EB000E2FCB7 /* ViewController.swift */,
				5DA4064D1D434EB000E2FCB7 /* Main.storyboard */,
				5DA406501D434EB000E2FCB7 /* Assets.xcassets */,
				5DA406521D434EB000E2FCB7 /* LaunchScreen.storyboard */,
				5DA406551D434EB000E2FCB7 /* Info.plist */,
			);
			path = Warikan;
			sourceTree = "<group>";
		};
		5DA4065D1D434EB000E2FCB7 /* WarikanTests */ = {
			isa = PBXGroup;
			children = (
				5DA4065E1D434EB000E2FCB7 /* WarikanTests.swift */,
				5DA406601D434EB000E2FCB7 /* Info.plist */,
			);
			path = WarikanTests;
			sourceTree = "<group>";
		};
		5DA406681D434EB000E2FCB7 /* WarikanUITests */ = {
			isa = PBXGroup;
			children = (
				5DA406691D434EB000E2FCB7 /* WarikanUITests.swift */,
				5DA4066B1D434EB000E2FCB7 /* Info.plist */,
			);
			path = WarikanUITests;
			sourceTree = "<group>";
		};
/* End PBXGroup section */

/* Begin PBXNativeTarget section */
		5DA406451D434EB000E2FCB7 /* Warikan */ = {
			isa = PBXNativeTarget;
			buildConfigurationList = 5DA4066E1D434EB000E2FCB7 /* Build configuration list for PBXNativeTarget "Warikan" */;
			buildPhases = (
				5DA406421D434EB000E2FCB7 /* Sources */,
				5DA406431D434EB000E2FCB7 /* Frameworks */,
				5DA406441D434EB000E2FCB7 /* Resources */,
			);
			buildRules = (
			);
			dependencies = (
			);
			name = Warikan;
			productName = Warikan;
			productReference = 5DA406461D434EB000E2FCB7 /* Warikan.app */;
			productType = "com.apple.product-type.application";
		};
		5DA406591D434EB000E2FCB7 /* WarikanTests */ = {
			isa = PBXNativeTarget;
			buildConfigurationList = 5DA406711D434EB000E2FCB7 /* Build configuration list for PBXNativeTarget "WarikanTests" */;
			buildPhases = (
				5DA406561D434EB000E2FCB7 /* Sources */,
				5DA406571D434EB000E2FCB7 /* Frameworks */,
				5DA406581D434EB000E2FCB7 /* Resources */,
			);
			buildRules = (
			);
			dependencies = (
				5DA4065C1D434EB000E2FCB7 /* PBXTargetDependency */,
			);
			name = WarikanTests;
			productName = WarikanTests;
			productReference = 5DA4065A1D434EB000E2FCB7 /* WarikanTests.xctest */;
			productType = "com.apple.product-type.bundle.unit-test";
		};
		5DA406641D434EB000E2FCB7 /* WarikanUITests */ = {
			isa = PBXNativeTarget;
			buildConfigurationList = 5DA406741D434EB000E2FCB7 /* Build configuration list for PBXNativeTarget "WarikanUITests" */;
			buildPhases = (
				5DA406611D434EB000E2FCB7 /* Sources */,
				5DA406621D434EB000E2FCB7 /* Frameworks */,
				5DA406631D434EB000E2FCB7 /* Resources */,
			);
			buildRules = (
			);
			dependencies = (
				5DA406671D434EB000E2FCB7 /* PBXTargetDependency */,
			);
			name = WarikanUITests;
			productName = WarikanUITests;
			productReference = 5DA406651D434EB000E2FCB7 /* WarikanUITests.xctest */;
			productType = "com.apple.product-type.bundle.ui-testing";
		};
/* End PBXNativeTarget section */

/* Begin PBXProject section */
		5DA4063E1D434EB000E2FCB7 /* Project object */ = {
			isa = PBXProject;
			attributes = {
				LastSwiftUpdateCheck = 0730;
				LastUpgradeCheck = 0730;
				ORGANIZATIONNAME = miminashi;
				TargetAttributes = {
					5DA406451D434EB000E2FCB7 = {
						CreatedOnToolsVersion = 7.3.1;
						DevelopmentTeam = 7J24J747GW;
					};
					5DA406591D434EB000E2FCB7 = {
						CreatedOnToolsVersion = 7.3.1;
						TestTargetID = 5DA406451D434EB000E2FCB7;
					};
					5DA406641D434EB000E2FCB7 = {
						CreatedOnToolsVersion = 7.3.1;
						TestTargetID = 5DA406451D434EB000E2FCB7;
					};
				};
			};
			buildConfigurationList = 5DA406411D434EB000E2FCB7 /* Build configuration list for PBXProject "Warikan" */;
			compatibilityVersion = "Xcode 3.2";
			developmentRegion = English;
			hasScannedForEncodings = 0;
			knownRegions = (
				en,
				Base,
			);
			mainGroup = 5DA4063D1D434EB000E2FCB7;
			productRefGroup = 5DA406471D434EB000E2FCB7 /* Products */;
			projectDirPath = "";
			projectRoot = "";
			targets = (
				5DA406451D434EB000E2FCB7 /* Warikan */,
				5DA406591D434EB000E2FCB7 /* WarikanTests */,
				5DA406641D434EB000E2FCB7 /* WarikanUITests */,
			);
		};
/* End PBXProject section */

/* Begin PBXResourcesBuildPhase section */
		5DA406441D434EB000E2FCB7 /* Resources */ = {
			isa = PBXResourcesBuildPhase;
			buildActionMask = 2147483647;
			files = (
				5DA406541D434EB000E2FCB7 /* LaunchScreen.storyboard in Resources */,
				5DA406511D434EB000E2FCB7 /* Assets.xcassets in Resources */,
				5DA4064F1D434EB000E2FCB7 /* Main.storyboard in Resources */,
			);
			runOnlyForDeploymentPostprocessing = 0;
		};
		5DA406581D434EB000E2FCB7 /* Resources */ = {
			isa = PBXResourcesBuildPhase;
			buildActionMask = 2147483647;
			files = (
			);
			runOnlyForDeploymentPostprocessing = 0;
		};
		5DA406631D434EB000E2FCB7 /* Resources */ = {
			isa = PBXResourcesBuildPhase;
			buildActionMask = 2147483647;
			files = (
			);
			runOnlyForDeploymentPostprocessing = 0;
		};
/* End PBXResourcesBuildPhase section */

/* Begin PBXSourcesBuildPhase section */
		5DA406421D434EB000E2FCB7 /* Sources */ = {
			isa = PBXSourcesBuildPhase;
			buildActionMask = 2147483647;
			files = (
				5DA4064C1D434EB000E2FCB7 /* ViewController.swift in Sources */,
				5DA4064A1D434EB000E2FCB7 /* AppDelegate.swift in Sources */,
			);
			runOnlyForDeploymentPostprocessing = 0;
		};
		5DA406561D434EB000E2FCB7 /* Sources */ = {
			isa = PBXSourcesBuildPhase;
			buildActionMask = 2147483647;
			files = (
				5DA4065F1D434EB000E2FCB7 /* WarikanTests.swift in Sources */,
			);
			runOnlyForDeploymentPostprocessing = 0;
		};
		5DA406611D434EB000E2FCB7 /* Sources */ = {
			isa = PBXSourcesBuildPhase;
			buildActionMask = 2147483647;
			files = (
				5DA4066A1D434EB000E2FCB7 /* WarikanUITests.swift in Sources */,
			);
			runOnlyForDeploymentPostprocessing = 0;
		};
/* End PBXSourcesBuildPhase section */

/* Begin PBXTargetDependency section */
		5DA4065C1D434EB000E2FCB7 /* PBXTargetDependency */ = {
			isa = PBXTargetDependency;
			target = 5DA406451D434EB000E2FCB7 /* Warikan */;
			targetProxy = 5DA4065B1D434EB000E2FCB7 /* PBXContainerItemProxy */;
		};
		5DA406671D434EB000E2FCB7 /* PBXTargetDependency */ = {
			isa = PBXTargetDependency;
			target = 5DA406451D434EB000E2FCB7 /* Warikan */;
			targetProxy = 5DA406661D434EB000E2FCB7 /* PBXContainerItemProxy */;
		};
/* End PBXTargetDependency section */

/* Begin PBXVariantGroup section */
		5DA4064D1D434EB000E2FCB7 /* Main.storyboard */ = {
			isa = PBXVariantGroup;
			children = (
				5DA4064E1D434EB000E2FCB7 /* Base */,
			);
			name = Main.storyboard;
			sourceTree = "<group>";
		};
		5DA406521D434EB000E2FCB7 /* LaunchScreen.storyboard */ = {
			isa = PBXVariantGroup;
			children = (
				5DA406531D434EB000E2FCB7 /* Base */,
			);
			name = LaunchScreen.storyboard;
			sourceTree = "<group>";
		};
/* End PBXVariantGroup section */

/* Begin XCBuildConfiguration section */
		5DA4066C1D434EB000E2FCB7 /* Debug */ = {
			isa = XCBuildConfiguration;
			buildSettings = {
				ALWAYS_SEARCH_USER_PATHS = NO;
				CLANG_ANALYZER_NONNULL = YES;
				CLANG_CXX_LANGUAGE_STANDARD = "gnu++0x";
				CLANG_CXX_LIBRARY = "libc++";
				CLANG_ENABLE_MODULES = YES;
				CLANG_ENABLE_OBJC_ARC = YES;
				CLANG_WARN_BOOL_CONVERSION = YES;
				CLANG_WARN_CONSTANT_CONVERSION = YES;
				CLANG_WARN_DIRECT_OBJC_ISA_USAGE = YES_ERROR;
				CLANG_WARN_EMPTY_BODY = YES;
				CLANG_WARN_ENUM_CONVERSION = YES;
				CLANG_WARN_INT_CONVERSION = YES;
				CLANG_WARN_OBJC_ROOT_CLASS = YES_ERROR;
				CLANG_WARN_UNREACHABLE_CODE = YES;
				CLANG_WARN__DUPLICATE_METHOD_MATCH = YES;
				"CODE_SIGN_IDENTITY[sdk=iphoneos*]" = "iPhone Developer";
				COPY_PHASE_STRIP = NO;
				DEBUG_INFORMATION_FORMAT = dwarf;
				ENABLE_STRICT_OBJC_MSGSEND = YES;
				ENABLE_TESTABILITY = YES;
				GCC_C_LANGUAGE_STANDARD = gnu99;
				GCC_DYNAMIC_NO_PIC = NO;
				GCC_NO_COMMON_BLOCKS = YES;
				GCC_OPTIMIZATION_LEVEL = 0;
				GCC_PREPROCESSOR_DEFINITIONS = (
					"DEBUG=1",
					"$(inherited)",
				);
				GCC_WARN_64_TO_32_BIT_CONVERSION = YES;
				GCC_WARN_ABOUT_RETURN_TYPE = YES_ERROR;
				GCC_WARN_UNDECLARED_SELECTOR = YES;
				GCC_WARN_UNINITIALIZED_AUTOS = YES_AGGRESSIVE;
				GCC_WARN_UNUSED_FUNCTION = YES;
				GCC_WARN_UNUSED_VARIABLE = YES;
				IPHONEOS_DEPLOYMENT_TARGET = 9.3;
				MTL_ENABLE_DEBUG_INFO = YES;
				ONLY_ACTIVE_ARCH = YES;
				SDKROOT = iphoneos;
				SWIFT_OPTIMIZATION_LEVEL = "-Onone";
			};
			name = Debug;
		};
		5DA4066D1D434EB000E2FCB7 /* Release */ = {
			isa = XCBuildConfiguration;
			buildSettings = {
				ALWAYS_SEARCH_USER_PATHS = NO;
				CLANG_ANALYZER_NONNULL = YES;
				CLANG_CXX_LANGUAGE_STANDARD = "gnu++0x";
				CLANG_CXX_LIBRARY = "libc++";
				CLANG_ENABLE_MODULES = YES;
				CLANG_ENABLE_OBJC_ARC = YES;
				CLANG_WARN_BOOL_CONVERSION = YES;
				CLANG_WARN_CONSTANT_CONVERSION = YES;
				CLANG_WARN_DIRECT_OBJC_ISA_USAGE = YES_ERROR;
				CLANG_WARN_EMPTY_BODY = YES;
				CLANG_WARN_ENUM_CONVERSION = YES;
				CLANG_WARN_INT_CONVERSION = YES;
				CLANG_WARN_OBJC_ROOT_CLASS = YES_ERROR;
				CLANG_WARN_UNREACHABLE_CODE = YES;
				CLANG_WARN__DUPLICATE_METHOD_MATCH = YES;
				"CODE_SIGN_IDENTITY[sdk=iphoneos*]" = "iPhone Developer";
				COPY_PHASE_STRIP = NO;
				DEBUG_INFORMATION_FORMAT = "dwarf-with-dsym";
				ENABLE_NS_ASSERTIONS = NO;
				ENABLE_STRICT_OBJC_MSGSEND = YES;
				GCC_C_LANGUAGE_STANDARD = gnu99;
				GCC_NO_COMMON_BLOCKS = YES;
				GCC_WARN_64_TO_32_BIT_CONVERSION = YES;
				GCC_WARN_ABOUT_RETURN_TYPE = YES_ERROR;
				GCC_WARN_UNDECLARED_SELECTOR = YES;
				GCC_WARN_UNINITIALIZED_AUTOS = YES_AGGRESSIVE;
				GCC_WARN_UNUSED_FUNCTION = YES;
				GCC_WARN_UNUSED_VARIABLE = YES;
				IPHONEOS_DEPLOYMENT_TARGET = 9.3;
				MTL_ENABLE_DEBUG_INFO = NO;
				SDKROOT = iphoneos;
				VALIDATE_PRODUCT = YES;
			};
			name = Release;
		};
		5DA4066F1D434EB000E2FCB7 /* Debug */ = {
			isa = XCBuildConfiguration;
			buildSettings = {
				ASSETCATALOG_COMPILER_APPICON_NAME = AppIcon;
				CODE_SIGN_IDENTITY = "iPhone Developer";
				"CODE_SIGN_IDENTITY[sdk=iphoneos*]" = "iPhone Developer";
				INFOPLIST_FILE = Warikan/Info.plist;
				LD_RUNPATH_SEARCH_PATHS = "$(inherited) @executable_path/Frameworks";
				PRODUCT_BUNDLE_IDENTIFIER = jp.or6.Warikan;
				PRODUCT_NAME = "$(TARGET_NAME)";
				PROVISIONING_PROFILE = "";
			};
			name = Debug;
		};
		5DA406701D434EB000E2FCB7 /* Release */ = {
			isa = XCBuildConfiguration;
			buildSettings = {
				ASSETCATALOG_COMPILER_APPICON_NAME = AppIcon;
				CODE_SIGN_IDENTITY = "iPhone Developer";
				"CODE_SIGN_IDENTITY[sdk=iphoneos*]" = "iPhone Developer";
				INFOPLIST_FILE = Warikan/Info.plist;
				LD_RUNPATH_SEARCH_PATHS = "$(inherited) @executable_path/Frameworks";
				PRODUCT_BUNDLE_IDENTIFIER = jp.or6.Warikan;
				PRODUCT_NAME = "$(TARGET_NAME)";
				PROVISIONING_PROFILE = "";
			};
			name = Release;
		};
		5DA406721D434EB000E2FCB7 /* Debug */ = {
			isa = XCBuildConfiguration;
			buildSettings = {
				BUNDLE_LOADER = "$(TEST_HOST)";
				INFOPLIST_FILE = WarikanTests/Info.plist;
				LD_RUNPATH_SEARCH_PATHS = "$(inherited) @executable_path/Frameworks @loader_path/Frameworks";
				PRODUCT_BUNDLE_IDENTIFIER = jp.or6.WarikanTests;
				PRODUCT_NAME = "$(TARGET_NAME)";
				TEST_HOST = "$(BUILT_PRODUCTS_DIR)/Warikan.app/Warikan";
			};
			name = Debug;
		};
		5DA406731D434EB000E2FCB7 /* Release */ = {
			isa = XCBuildConfiguration;
			buildSettings = {
				BUNDLE_LOADER = "$(TEST_HOST)";
				INFOPLIST_FILE = WarikanTests/Info.plist;
				LD_RUNPATH_SEARCH_PATHS = "$(inherited) @executable_path/Frameworks @loader_path/Frameworks";
				PRODUCT_BUNDLE_IDENTIFIER = jp.or6.WarikanTests;
				PRODUCT_NAME = "$(TARGET_NAME)";
				TEST_HOST = "$(BUILT_PRODUCTS_DIR)/Warikan.app/Warikan";
			};
			name = Release;
		};
		5DA406751D434EB000E2FCB7 /* Debug */ = {
			isa = XCBuildConfiguration;
			buildSettings = {
				INFOPLIST_FILE = WarikanUITests/Info.plist;
				LD_RUNPATH_SEARCH_PATHS = "$(inherited) @executable_path/Frameworks @loader_path/Frameworks";
				PRODUCT_BUNDLE_IDENTIFIER = jp.or6.WarikanUITests;
				PRODUCT_NAME = "$(TARGET_NAME)";
				TEST_TARGET_NAME = Warikan;
			};
			name = Debug;
		};
		5DA406761D434EB000E2FCB7 /* Release */ = {
			isa = XCBuildConfiguration;
			buildSettings = {
				INFOPLIST_FILE = WarikanUITests/Info.plist;
				LD_RUNPATH_SEARCH_PATHS = "$(inherited) @executable_path/Frameworks @loader_path/Frameworks";
				PRODUCT_BUNDLE_IDENTIFIER = jp.or6.WarikanUITests;
				PRODUCT_NAME = "$(TARGET_NAME)";
				TEST_TARGET_NAME = Warikan;
			};
			name = Release;
		};
/* End XCBuildConfiguration section */

/* Begin XCConfigurationList section */
		5DA406411D434EB000E2FCB7 /* Build configuration list for PBXProject "Warikan" */ = {
			isa = XCConfigurationList;
			buildConfigurations = (
				5DA4066C1D434EB000E2FCB7 /* Debug */,
				5DA4066D1D434EB000E2FCB7 /* Release */,
			);
			defaultConfigurationIsVisible = 0;
			defaultConfigurationName = Release;
		};
		5DA4066E1D434EB000E2FCB7 /* Build configuration list for PBXNativeTarget "Warikan" */ = {
			isa = XCConfigurationList;
			buildConfigurations = (
				5DA4066F1D434EB000E2FCB7 /* Debug */,
				5DA406701D434EB000E2FCB7 /* Release */,
			);
			defaultConfigurationIsVisible = 0;
		};
		5DA406711D434EB000E2FCB7 /* Build configuration list for PBXNativeTarget "WarikanTests" */ = {
			isa = XCConfigurationList;
			buildConfigurations = (
				5DA406721D434EB000E2FCB7 /* Debug */,
				5DA406731D434EB000E2FCB7 /* Release */,
			);
			defaultConfigurationIsVisible = 0;
		};
		5DA406741D434EB000E2FCB7 /* Build configuration list for PBXNativeTarget "WarikanUITests" */ = {
			isa = XCConfigurationList;
			buildConfigurations = (
				5DA406751D434EB000E2FCB7 /* Debug */,
				5DA406761D434EB000E2FCB7 /* Release */,
			);
			defaultConfigurationIsVisible = 0;
		};
/* End XCConfigurationList section */
	};
	rootObject = 5DA4063E1D434EB000E2FCB7 /* Project object */;
}
